
Microsoft Visual Studio Solution File, Format Version 12.00
# Visual Studio Version 16
VisualStudioVersion = 16.0.32630.194
MinimumVisualStudioVersion = 10.0.40219.1
Project("{888888A0-9F3D-457C-B088-3A5042F75D52}") = "Capstone_Enhancement_2", "Capstone_Enhancement_2.pyproj", "{75D3C8AB-4C8C-4C01-B048-0C8B2882DB13}"
EndProject
Global
	GlobalSection(SolutionConfigurationPlatforms) = preSolution
		Debug|Any CPU = Debug|Any CPU
		Release|Any CPU = Release|Any CPU
	EndGlobalSection
	GlobalSection(ProjectConfigurationPlatforms) = postSolution
		{75D3C8AB-4C8C-4C01-B048-0C8B2882DB13}.Debug|Any CPU.ActiveCfg = Debug|Any CPU
		{75D3C8AB-4C8C-4C01-B048-0C8B2882DB13}.Release|Any CPU.ActiveCfg = Release|Any CPU
	EndGlobalSection
	GlobalSection(SolutionProperties) = preSolution
		HideSolutionNode = FALSE
	EndGlobalSection
	GlobalSection(ExtensibilityGlobals) = postSolution
		SolutionGuid = {D612CF0B-948F-4CC8-8ED0-7DC7E183EADD}
	EndGlobalSection
EndGlobal
